
Microsoft Visual Studio Solution File, Format Version 10.00
# Visual Studio 2008
Project("{FAE04EC0-301F-11D3-BF4B-00C04F79EFBC}") = "Hodmongler", "Hodmongler\Hodmongler.csproj", "{DDBC53BC-B0D0-4B73-8B7B-A99ADA0CD14C}"
EndProject
Project("{9344bdbb-3e7f-41fc-a0dd-8665d75ee146}") = "Packages", "Packages.mdproj", "{5B84CE5E-8EF2-41E5-8906-D1C1B65B25B4}"
EndProject
Global
	GlobalSection(SolutionConfigurationPlatforms) = preSolution
		Debug|x86 = Debug|x86
		Release|x86 = Release|x86
	EndGlobalSection
	GlobalSection(ProjectConfigurationPlatforms) = postSolution
		{5B84CE5E-8EF2-41E5-8906-D1C1B65B25B4}.Debug|x86.ActiveCfg = Debug|Any CPU
		{5B84CE5E-8EF2-41E5-8906-D1C1B65B25B4}.Release|x86.ActiveCfg = Release|Any CPU
		{DDBC53BC-B0D0-4B73-8B7B-A99ADA0CD14C}.Debug|x86.ActiveCfg = Debug|x86
		{DDBC53BC-B0D0-4B73-8B7B-A99ADA0CD14C}.Debug|x86.Build.0 = Debug|x86
		{DDBC53BC-B0D0-4B73-8B7B-A99ADA0CD14C}.Release|x86.ActiveCfg = Release|x86
		{DDBC53BC-B0D0-4B73-8B7B-A99ADA0CD14C}.Release|x86.Build.0 = Release|x86
	EndGlobalSection
	GlobalSection(MonoDevelopProperties) = preSolution
		StartupItem = Hodmongler\Hodmongler.csproj
	EndGlobalSection
EndGlobal
